
Microsoft Visual Studio Solution File, Format Version 12.00
# Visual Studio Version 17
VisualStudioVersion = 17.2.32516.85
MinimumVisualStudioVersion = 10.0.40219.1
Project("{9A19103F-16F7-4668-BE54-9A1E7A4F7556}") = "01. SoftUni Reception", "01. SoftUni Reception\01. SoftUni Reception.csproj", "{5285A480-9B0C-43E6-AD86-72B852924D12}"
EndProject
Project("{9A19103F-16F7-4668-BE54-9A1E7A4F7556}") = "02. Array Modifier", "02. Array Modifier\02. Array Modifier.csproj", "{E604107A-E450-4C4E-8CEE-A1EE8C1B2CD5}"
EndProject
Project("{9A19103F-16F7-4668-BE54-9A1E7A4F7556}") = "03. Numbers", "03. Numbers\03. Numbers.csproj", "{7C1C724A-8F0C-4317-9BAA-90C64DA372DC}"
EndProject
Project("{9A19103F-16F7-4668-BE54-9A1E7A4F7556}") = "01. Guinea Pig", "01. Guinea Pig\01. Guinea Pig.csproj", "{D34CDD19-FE30-4C7F-AC0F-7617F196E719}"
EndProject
Project("{9A19103F-16F7-4668-BE54-9A1E7A4F7556}") = "02. The Lift", "02. The Lift\02. The Lift.csproj", "{C8629FEF-2E4E-4BDF-A697-EE89E03E877D}"
EndProject
Project("{9A19103F-16F7-4668-BE54-9A1E7A4F7556}") = "test", "test\test.csproj", "{2761C468-AAB8-4B75-8C65-E94970DA266F}"
EndProject
Project("{9A19103F-16F7-4668-BE54-9A1E7A4F7556}") = "03. Moving Target", "03. Moving Target\03. Moving Target.csproj", "{83938E79-B9F4-4071-B45D-A6ACF6C15069}"
EndProject
Project("{9A19103F-16F7-4668-BE54-9A1E7A4F7556}") = "01. Computer Store", "01. Computer Store\01. Computer Store.csproj", "{A7232252-5AC4-4123-8E7C-80195BD2CA57}"
EndProject
Project("{9A19103F-16F7-4668-BE54-9A1E7A4F7556}") = "03. Memory Game", "03. Memory Game\03. Memory Game.csproj", "{267135FC-1D12-4828-9DE7-24E0A06FD132}"
EndProject
Project("{9A19103F-16F7-4668-BE54-9A1E7A4F7556}") = "02. Shoot for the Win", "02. Shoot for the Win\02. Shoot for the Win.csproj", "{F9269268-1921-4539-887C-DE4A040AF2E6}"
EndProject
Project("{9A19103F-16F7-4668-BE54-9A1E7A4F7556}") = "02. Shopping List", "02. Shopping List\02. Shopping List.csproj", "{6D7419FA-81D4-4F2C-AC7C-9F09AD3D4C3D}"
EndProject
Project("{9A19103F-16F7-4668-BE54-9A1E7A4F7556}") = "03. Heart Delivery", "03. Heart Delivery\03. Heart Delivery.csproj", "{7C2D7021-6DDA-4734-B410-39E4165F83C3}"
EndProject
Project("{FAE04EC0-301F-11D3-BF4B-00C04F79EFBC}") = "02. MuOnline", "02. MuOnline\02. MuOnline.csproj", "{BF748F7E-393F-409E-B57D-3A2D371F4C73}"
EndProject
Project("{FAE04EC0-301F-11D3-BF4B-00C04F79EFBC}") = "03. Inventory", "03. Inventory\03. Inventory.csproj", "{9439F833-43FE-4BDB-9613-D7F5FCBDECCC}"
EndProject
Global
	GlobalSection(SolutionConfigurationPlatforms) = preSolution
		Debug|Any CPU = Debug|Any CPU
		Release|Any CPU = Release|Any CPU
	EndGlobalSection
	GlobalSection(ProjectConfigurationPlatforms) = postSolution
		{5285A480-9B0C-43E6-AD86-72B852924D12}.Debug|Any CPU.ActiveCfg = Debug|Any CPU
		{5285A480-9B0C-43E6-AD86-72B852924D12}.Debug|Any CPU.Build.0 = Debug|Any CPU
		{5285A480-9B0C-43E6-AD86-72B852924D12}.Release|Any CPU.ActiveCfg = Release|Any CPU
		{5285A480-9B0C-43E6-AD86-72B852924D12}.Release|Any CPU.Build.0 = Release|Any CPU
		{E604107A-E450-4C4E-8CEE-A1EE8C1B2CD5}.Debug|Any CPU.ActiveCfg = Debug|Any CPU
		{E604107A-E450-4C4E-8CEE-A1EE8C1B2CD5}.Debug|Any CPU.Build.0 = Debug|Any CPU
		{E604107A-E450-4C4E-8CEE-A1EE8C1B2CD5}.Release|Any CPU.ActiveCfg = Release|Any CPU
		{E604107A-E450-4C4E-8CEE-A1EE8C1B2CD5}.Release|Any CPU.Build.0 = Release|Any CPU
		{7C1C724A-8F0C-4317-9BAA-90C64DA372DC}.Debug|Any CPU.ActiveCfg = Debug|Any CPU
		{7C1C724A-8F0C-4317-9BAA-90C64DA372DC}.Debug|Any CPU.Build.0 = Debug|Any CPU
		{7C1C724A-8F0C-4317-9BAA-90C64DA372DC}.Release|Any CPU.ActiveCfg = Release|Any CPU
		{7C1C724A-8F0C-4317-9BAA-90C64DA372DC}.Release|Any CPU.Build.0 = Release|Any CPU
		{D34CDD19-FE30-4C7F-AC0F-7617F196E719}.Debug|Any CPU.ActiveCfg = Debug|Any CPU
		{D34CDD19-FE30-4C7F-AC0F-7617F196E719}.Debug|Any CPU.Build.0 = Debug|Any CPU
		{D34CDD19-FE30-4C7F-AC0F-7617F196E719}.Release|Any CPU.ActiveCfg = Release|Any CPU
		{D34CDD19-FE30-4C7F-AC0F-7617F196E719}.Release|Any CPU.Build.0 = Release|Any CPU
		{C8629FEF-2E4E-4BDF-A697-EE89E03E877D}.Debug|Any CPU.ActiveCfg = Debug|Any CPU
		{C8629FEF-2E4E-4BDF-A697-EE89E03E877D}.Debug|Any CPU.Build.0 = Debug|Any CPU
		{C8629FEF-2E4E-4BDF-A697-EE89E03E877D}.Release|Any CPU.ActiveCfg = Release|Any CPU
		{C8629FEF-2E4E-4BDF-A697-EE89E03E877D}.Release|Any CPU.Build.0 = Release|Any CPU
		{2761C468-AAB8-4B75-8C65-E94970DA266F}.Debug|Any CPU.ActiveCfg = Debug|Any CPU
		{2761C468-AAB8-4B75-8C65-E94970DA266F}.Debug|Any CPU.Build.0 = Debug|Any CPU
		{2761C468-AAB8-4B75-8C65-E94970DA266F}.Release|Any CPU.ActiveCfg = Release|Any CPU
		{2761C468-AAB8-4B75-8C65-E94970DA266F}.Release|Any CPU.Build.0 = Release|Any CPU
		{83938E79-B9F4-4071-B45D-A6ACF6C15069}.Debug|Any CPU.ActiveCfg = Debug|Any CPU
		{83938E79-B9F4-4071-B45D-A6ACF6C15069}.Debug|Any CPU.Build.0 = Debug|Any CPU
		{83938E79-B9F4-4071-B45D-A6ACF6C15069}.Release|Any CPU.ActiveCfg = Release|Any CPU
		{83938E79-B9F4-4071-B45D-A6ACF6C15069}.Release|Any CPU.Build.0 = Release|Any CPU
		{A7232252-5AC4-4123-8E7C-80195BD2CA57}.Debug|Any CPU.ActiveCfg = Debug|Any CPU
		{A7232252-5AC4-4123-8E7C-80195BD2CA57}.Debug|Any CPU.Build.0 = Debug|Any CPU
		{A7232252-5AC4-4123-8E7C-80195BD2CA57}.Release|Any CPU.ActiveCfg = Release|Any CPU
		{A7232252-5AC4-4123-8E7C-80195BD2CA57}.Release|Any CPU.Build.0 = Release|Any CPU
		{267135FC-1D12-4828-9DE7-24E0A06FD132}.Debug|Any CPU.ActiveCfg = Debug|Any CPU
		{267135FC-1D12-4828-9DE7-24E0A06FD132}.Debug|Any CPU.Build.0 = Debug|Any CPU
		{267135FC-1D12-4828-9DE7-24E0A06FD132}.Release|Any CPU.ActiveCfg = Release|Any CPU
		{267135FC-1D12-4828-9DE7-24E0A06FD132}.Release|Any CPU.Build.0 = Release|Any CPU
		{F9269268-1921-4539-887C-DE4A040AF2E6}.Debug|Any CPU.ActiveCfg = Debug|Any CPU
		{F9269268-1921-4539-887C-DE4A040AF2E6}.Debug|Any CPU.Build.0 = Debug|Any CPU
		{F9269268-1921-4539-887C-DE4A040AF2E6}.Release|Any CPU.ActiveCfg = Release|Any CPU
		{F9269268-1921-4539-887C-DE4A040AF2E6}.Release|Any CPU.Build.0 = Release|Any CPU
		{6D7419FA-81D4-4F2C-AC7C-9F09AD3D4C3D}.Debug|Any CPU.ActiveCfg = Debug|Any CPU
		{6D7419FA-81D4-4F2C-AC7C-9F09AD3D4C3D}.Debug|Any CPU.Build.0 = Debug|Any CPU
		{6D7419FA-81D4-4F2C-AC7C-9F09AD3D4C3D}.Release|Any CPU.ActiveCfg = Release|Any CPU
		{6D7419FA-81D4-4F2C-AC7C-9F09AD3D4C3D}.Release|Any CPU.Build.0 = Release|Any CPU
		{7C2D7021-6DDA-4734-B410-39E4165F83C3}.Debug|Any CPU.ActiveCfg = Debug|Any CPU
		{7C2D7021-6DDA-4734-B410-39E4165F83C3}.Debug|Any CPU.Build.0 = Debug|Any CPU
		{7C2D7021-6DDA-4734-B410-39E4165F83C3}.Release|Any CPU.ActiveCfg = Release|Any CPU
		{7C2D7021-6DDA-4734-B410-39E4165F83C3}.Release|Any CPU.Build.0 = Release|Any CPU
		{BF748F7E-393F-409E-B57D-3A2D371F4C73}.Debug|Any CPU.ActiveCfg = Debug|Any CPU
		{BF748F7E-393F-409E-B57D-3A2D371F4C73}.Debug|Any CPU.Build.0 = Debug|Any CPU
		{BF748F7E-393F-409E-B57D-3A2D371F4C73}.Release|Any CPU.ActiveCfg = Release|Any CPU
		{BF748F7E-393F-409E-B57D-3A2D371F4C73}.Release|Any CPU.Build.0 = Release|Any CPU
		{9439F833-43FE-4BDB-9613-D7F5FCBDECCC}.Debug|Any CPU.ActiveCfg = Debug|Any CPU
		{9439F833-43FE-4BDB-9613-D7F5FCBDECCC}.Debug|Any CPU.Build.0 = Debug|Any CPU
		{9439F833-43FE-4BDB-9613-D7F5FCBDECCC}.Release|Any CPU.ActiveCfg = Release|Any CPU
		{9439F833-43FE-4BDB-9613-D7F5FCBDECCC}.Release|Any CPU.Build.0 = Release|Any CPU
	EndGlobalSection
	GlobalSection(SolutionProperties) = preSolution
		HideSolutionNode = FALSE
	EndGlobalSection
	GlobalSection(ExtensibilityGlobals) = postSolution
		SolutionGuid = {7F8389B4-24E1-4C42-A81E-0D0B72409582}
	EndGlobalSection
EndGlobal
