
Microsoft Visual Studio Solution File, Format Version 12.00
# Visual Studio Version 17
VisualStudioVersion = 17.2.32516.85
MinimumVisualStudioVersion = 10.0.40219.1
Project("{9A19103F-16F7-4668-BE54-9A1E7A4F7556}") = "01. Furniture", "01. Furniture\01. Furniture.csproj", "{3E5BA601-44DD-48C7-A79B-D173273AE823}"
EndProject
Project("{9A19103F-16F7-4668-BE54-9A1E7A4F7556}") = "02. Race", "02. Race\02. Race.csproj", "{F4A06FC7-8814-439A-967B-4498FC986A5E}"
EndProject
Project("{FAE04EC0-301F-11D3-BF4B-00C04F79EFBC}") = "03. SoftUni Bar Income", "03. SoftUni Bar Income\03. SoftUni Bar Income.csproj", "{E84BE995-9AD7-4FE7-BC87-49A597805F9A}"
EndProject
Global
	GlobalSection(SolutionConfigurationPlatforms) = preSolution
		Debug|Any CPU = Debug|Any CPU
		Release|Any CPU = Release|Any CPU
	EndGlobalSection
	GlobalSection(ProjectConfigurationPlatforms) = postSolution
		{3E5BA601-44DD-48C7-A79B-D173273AE823}.Debug|Any CPU.ActiveCfg = Debug|Any CPU
		{3E5BA601-44DD-48C7-A79B-D173273AE823}.Debug|Any CPU.Build.0 = Debug|Any CPU
		{3E5BA601-44DD-48C7-A79B-D173273AE823}.Release|Any CPU.ActiveCfg = Release|Any CPU
		{3E5BA601-44DD-48C7-A79B-D173273AE823}.Release|Any CPU.Build.0 = Release|Any CPU
		{F4A06FC7-8814-439A-967B-4498FC986A5E}.Debug|Any CPU.ActiveCfg = Debug|Any CPU
		{F4A06FC7-8814-439A-967B-4498FC986A5E}.Debug|Any CPU.Build.0 = Debug|Any CPU
		{F4A06FC7-8814-439A-967B-4498FC986A5E}.Release|Any CPU.ActiveCfg = Release|Any CPU
		{F4A06FC7-8814-439A-967B-4498FC986A5E}.Release|Any CPU.Build.0 = Release|Any CPU
		{E84BE995-9AD7-4FE7-BC87-49A597805F9A}.Debug|Any CPU.ActiveCfg = Debug|Any CPU
		{E84BE995-9AD7-4FE7-BC87-49A597805F9A}.Debug|Any CPU.Build.0 = Debug|Any CPU
		{E84BE995-9AD7-4FE7-BC87-49A597805F9A}.Release|Any CPU.ActiveCfg = Release|Any CPU
		{E84BE995-9AD7-4FE7-BC87-49A597805F9A}.Release|Any CPU.Build.0 = Release|Any CPU
	EndGlobalSection
	GlobalSection(SolutionProperties) = preSolution
		HideSolutionNode = FALSE
	EndGlobalSection
	GlobalSection(ExtensibilityGlobals) = postSolution
		SolutionGuid = {14516EF3-60B1-4AE3-BE28-76581240EA74}
	EndGlobalSection
EndGlobal
