
Microsoft Visual Studio Solution File, Format Version 12.00
# Visual Studio Version 17
VisualStudioVersion = 17.2.32630.192
MinimumVisualStudioVersion = 10.0.40219.1
Project("{9A19103F-16F7-4668-BE54-9A1E7A4F7556}") = "AnimalFarm", "AnimalFarm\AnimalFarm.csproj", "{3143569C-EDF3-45B3-B845-D070BBBD943B}"
EndProject
Project("{9A19103F-16F7-4668-BE54-9A1E7A4F7556}") = "Shopping Spree", "Shopping Spree\Shopping Spree.csproj", "{F06A18D1-BBB0-4454-B315-84F48DC2F50F}"
EndProject
Project("{FAE04EC0-301F-11D3-BF4B-00C04F79EFBC}") = "04. Pizza Calories", "04. Pizza Calories\04. Pizza Calories.csproj", "{6AD1476A-892A-49A5-B116-EC3FF6DF0914}"
EndProject
Global
	GlobalSection(SolutionConfigurationPlatforms) = preSolution
		Debug|Any CPU = Debug|Any CPU
		Release|Any CPU = Release|Any CPU
	EndGlobalSection
	GlobalSection(ProjectConfigurationPlatforms) = postSolution
		{3143569C-EDF3-45B3-B845-D070BBBD943B}.Debug|Any CPU.ActiveCfg = Debug|Any CPU
		{3143569C-EDF3-45B3-B845-D070BBBD943B}.Debug|Any CPU.Build.0 = Debug|Any CPU
		{3143569C-EDF3-45B3-B845-D070BBBD943B}.Release|Any CPU.ActiveCfg = Release|Any CPU
		{3143569C-EDF3-45B3-B845-D070BBBD943B}.Release|Any CPU.Build.0 = Release|Any CPU
		{F06A18D1-BBB0-4454-B315-84F48DC2F50F}.Debug|Any CPU.ActiveCfg = Debug|Any CPU
		{F06A18D1-BBB0-4454-B315-84F48DC2F50F}.Debug|Any CPU.Build.0 = Debug|Any CPU
		{F06A18D1-BBB0-4454-B315-84F48DC2F50F}.Release|Any CPU.ActiveCfg = Release|Any CPU
		{F06A18D1-BBB0-4454-B315-84F48DC2F50F}.Release|Any CPU.Build.0 = Release|Any CPU
		{6AD1476A-892A-49A5-B116-EC3FF6DF0914}.Debug|Any CPU.ActiveCfg = Debug|Any CPU
		{6AD1476A-892A-49A5-B116-EC3FF6DF0914}.Debug|Any CPU.Build.0 = Debug|Any CPU
		{6AD1476A-892A-49A5-B116-EC3FF6DF0914}.Release|Any CPU.ActiveCfg = Release|Any CPU
		{6AD1476A-892A-49A5-B116-EC3FF6DF0914}.Release|Any CPU.Build.0 = Release|Any CPU
	EndGlobalSection
	GlobalSection(SolutionProperties) = preSolution
		HideSolutionNode = FALSE
	EndGlobalSection
	GlobalSection(ExtensibilityGlobals) = postSolution
		SolutionGuid = {B59B52E2-613B-4C0F-9EB2-3367DE18511D}
	EndGlobalSection
EndGlobal
