
Microsoft Visual Studio Solution File, Format Version 12.00
# Visual Studio Version 17
VisualStudioVersion = 17.2.32630.192
MinimumVisualStudioVersion = 10.0.40219.1
Project("{FAE04EC0-301F-11D3-BF4B-00C04F79EFBC}") = "Define an Interface IPerson", "PersonInfo\Define an Interface IPerson.csproj", "{3A25EBDF-D3DD-42C6-9ED8-6E6508B0968A}"
EndProject
Project("{9A19103F-16F7-4668-BE54-9A1E7A4F7556}") = "MultipleImplementation", "MultipleImplementation\MultipleImplementation.csproj", "{5A945288-9CB2-4920-B68B-BC0B1CDA7671}"
EndProject
Project("{9A19103F-16F7-4668-BE54-9A1E7A4F7556}") = "PersonInfo", "PersonInfo\PersonInfo.csproj", "{7C025B90-EF42-4F7A-94BC-9B2058DD12EE}"
EndProject
Project("{9A19103F-16F7-4668-BE54-9A1E7A4F7556}") = "Telephony", "Telephony\Telephony.csproj", "{6C6EDBA5-86FA-4216-8594-421B42102396}"
EndProject
Project("{9A19103F-16F7-4668-BE54-9A1E7A4F7556}") = "BorderControl", "Border Control\BorderControl.csproj", "{F5357D04-B50B-41CB-A103-76A783F44596}"
EndProject
Project("{FAE04EC0-301F-11D3-BF4B-00C04F79EFBC}") = "BirthdayCelebrations", "BirthdayCelebrations\BirthdayCelebrations.csproj", "{B1AC256B-C632-43C9-AD4A-ACCEBD363DF3}"
EndProject
Project("{FAE04EC0-301F-11D3-BF4B-00C04F79EFBC}") = "FoodShortage", "FoodShortage\FoodShortage.csproj", "{675728A6-A76A-4B4A-A870-4BE05E966AD9}"
EndProject
Global
	GlobalSection(SolutionConfigurationPlatforms) = preSolution
		Debug|Any CPU = Debug|Any CPU
		Release|Any CPU = Release|Any CPU
	EndGlobalSection
	GlobalSection(ProjectConfigurationPlatforms) = postSolution
		{3A25EBDF-D3DD-42C6-9ED8-6E6508B0968A}.Debug|Any CPU.ActiveCfg = Debug|Any CPU
		{3A25EBDF-D3DD-42C6-9ED8-6E6508B0968A}.Debug|Any CPU.Build.0 = Debug|Any CPU
		{3A25EBDF-D3DD-42C6-9ED8-6E6508B0968A}.Release|Any CPU.ActiveCfg = Release|Any CPU
		{3A25EBDF-D3DD-42C6-9ED8-6E6508B0968A}.Release|Any CPU.Build.0 = Release|Any CPU
		{5A945288-9CB2-4920-B68B-BC0B1CDA7671}.Debug|Any CPU.ActiveCfg = Debug|Any CPU
		{5A945288-9CB2-4920-B68B-BC0B1CDA7671}.Debug|Any CPU.Build.0 = Debug|Any CPU
		{5A945288-9CB2-4920-B68B-BC0B1CDA7671}.Release|Any CPU.ActiveCfg = Release|Any CPU
		{5A945288-9CB2-4920-B68B-BC0B1CDA7671}.Release|Any CPU.Build.0 = Release|Any CPU
		{7C025B90-EF42-4F7A-94BC-9B2058DD12EE}.Debug|Any CPU.ActiveCfg = Debug|Any CPU
		{7C025B90-EF42-4F7A-94BC-9B2058DD12EE}.Debug|Any CPU.Build.0 = Debug|Any CPU
		{7C025B90-EF42-4F7A-94BC-9B2058DD12EE}.Release|Any CPU.ActiveCfg = Release|Any CPU
		{7C025B90-EF42-4F7A-94BC-9B2058DD12EE}.Release|Any CPU.Build.0 = Release|Any CPU
		{6C6EDBA5-86FA-4216-8594-421B42102396}.Debug|Any CPU.ActiveCfg = Debug|Any CPU
		{6C6EDBA5-86FA-4216-8594-421B42102396}.Debug|Any CPU.Build.0 = Debug|Any CPU
		{6C6EDBA5-86FA-4216-8594-421B42102396}.Release|Any CPU.ActiveCfg = Release|Any CPU
		{6C6EDBA5-86FA-4216-8594-421B42102396}.Release|Any CPU.Build.0 = Release|Any CPU
		{F5357D04-B50B-41CB-A103-76A783F44596}.Debug|Any CPU.ActiveCfg = Debug|Any CPU
		{F5357D04-B50B-41CB-A103-76A783F44596}.Debug|Any CPU.Build.0 = Debug|Any CPU
		{F5357D04-B50B-41CB-A103-76A783F44596}.Release|Any CPU.ActiveCfg = Release|Any CPU
		{F5357D04-B50B-41CB-A103-76A783F44596}.Release|Any CPU.Build.0 = Release|Any CPU
		{B1AC256B-C632-43C9-AD4A-ACCEBD363DF3}.Debug|Any CPU.ActiveCfg = Debug|Any CPU
		{B1AC256B-C632-43C9-AD4A-ACCEBD363DF3}.Debug|Any CPU.Build.0 = Debug|Any CPU
		{B1AC256B-C632-43C9-AD4A-ACCEBD363DF3}.Release|Any CPU.ActiveCfg = Release|Any CPU
		{B1AC256B-C632-43C9-AD4A-ACCEBD363DF3}.Release|Any CPU.Build.0 = Release|Any CPU
		{675728A6-A76A-4B4A-A870-4BE05E966AD9}.Debug|Any CPU.ActiveCfg = Debug|Any CPU
		{675728A6-A76A-4B4A-A870-4BE05E966AD9}.Debug|Any CPU.Build.0 = Debug|Any CPU
		{675728A6-A76A-4B4A-A870-4BE05E966AD9}.Release|Any CPU.ActiveCfg = Release|Any CPU
		{675728A6-A76A-4B4A-A870-4BE05E966AD9}.Release|Any CPU.Build.0 = Release|Any CPU
	EndGlobalSection
	GlobalSection(SolutionProperties) = preSolution
		HideSolutionNode = FALSE
	EndGlobalSection
	GlobalSection(ExtensibilityGlobals) = postSolution
		SolutionGuid = {26EDF6EB-2C4B-43F6-8B53-2703F232B489}
	EndGlobalSection
EndGlobal
