
Microsoft Visual Studio Solution File, Format Version 12.00
# Visual Studio Version 17
VisualStudioVersion = 17.2.32516.85
MinimumVisualStudioVersion = 10.0.40219.1
Project("{9A19103F-16F7-4668-BE54-9A1E7A4F7556}") = "01. Count Chars in a String", "01. Count Chars in a String\01. Count Chars in a String.csproj", "{926202A7-E57F-4E71-8553-A184032FF0E4}"
EndProject
Project("{9A19103F-16F7-4668-BE54-9A1E7A4F7556}") = "02. A Miner Task", "02. A Miner Task\02. A Miner Task.csproj", "{8ABEAAAB-B72D-40BF-8097-69F25B5025F4}"
EndProject
Project("{9A19103F-16F7-4668-BE54-9A1E7A4F7556}") = "03. Legendary Farming", "03. Legendary Farming\03. Legendary Farming.csproj", "{ED0A5686-33B4-49B1-AB55-FDB65BB0593C}"
EndProject
Project("{FAE04EC0-301F-11D3-BF4B-00C04F79EFBC}") = "04. Orders", "04. Orders\04. Orders.csproj", "{422EA0E0-742E-4FA1-AED2-CB106B2ED4DD}"
EndProject
Project("{FAE04EC0-301F-11D3-BF4B-00C04F79EFBC}") = "05. SoftUni Parking", "05. SoftUni Parking\05. SoftUni Parking.csproj", "{9D1DE515-CBA2-4C3C-92F9-3B5904A88AE0}"
EndProject
Project("{FAE04EC0-301F-11D3-BF4B-00C04F79EFBC}") = "06. Courses", "06. Courses\06. Courses.csproj", "{2C983EE7-9198-4551-8245-065D7E7E3936}"
EndProject
Project("{FAE04EC0-301F-11D3-BF4B-00C04F79EFBC}") = "07. Student Academy", "07. Student Academy\07. Student Academy.csproj", "{47C3B828-5D1E-43F3-9B11-7150EB00847F}"
EndProject
Project("{FAE04EC0-301F-11D3-BF4B-00C04F79EFBC}") = "08. Company Users", "08. Company Users\08. Company Users.csproj", "{A96ABB0C-5E03-4EAC-985D-E40BD46F1E4C}"
EndProject
Global
	GlobalSection(SolutionConfigurationPlatforms) = preSolution
		Debug|Any CPU = Debug|Any CPU
		Release|Any CPU = Release|Any CPU
	EndGlobalSection
	GlobalSection(ProjectConfigurationPlatforms) = postSolution
		{926202A7-E57F-4E71-8553-A184032FF0E4}.Debug|Any CPU.ActiveCfg = Debug|Any CPU
		{926202A7-E57F-4E71-8553-A184032FF0E4}.Debug|Any CPU.Build.0 = Debug|Any CPU
		{926202A7-E57F-4E71-8553-A184032FF0E4}.Release|Any CPU.ActiveCfg = Release|Any CPU
		{926202A7-E57F-4E71-8553-A184032FF0E4}.Release|Any CPU.Build.0 = Release|Any CPU
		{8ABEAAAB-B72D-40BF-8097-69F25B5025F4}.Debug|Any CPU.ActiveCfg = Debug|Any CPU
		{8ABEAAAB-B72D-40BF-8097-69F25B5025F4}.Debug|Any CPU.Build.0 = Debug|Any CPU
		{8ABEAAAB-B72D-40BF-8097-69F25B5025F4}.Release|Any CPU.ActiveCfg = Release|Any CPU
		{8ABEAAAB-B72D-40BF-8097-69F25B5025F4}.Release|Any CPU.Build.0 = Release|Any CPU
		{ED0A5686-33B4-49B1-AB55-FDB65BB0593C}.Debug|Any CPU.ActiveCfg = Debug|Any CPU
		{ED0A5686-33B4-49B1-AB55-FDB65BB0593C}.Debug|Any CPU.Build.0 = Debug|Any CPU
		{ED0A5686-33B4-49B1-AB55-FDB65BB0593C}.Release|Any CPU.ActiveCfg = Release|Any CPU
		{ED0A5686-33B4-49B1-AB55-FDB65BB0593C}.Release|Any CPU.Build.0 = Release|Any CPU
		{422EA0E0-742E-4FA1-AED2-CB106B2ED4DD}.Debug|Any CPU.ActiveCfg = Debug|Any CPU
		{422EA0E0-742E-4FA1-AED2-CB106B2ED4DD}.Debug|Any CPU.Build.0 = Debug|Any CPU
		{422EA0E0-742E-4FA1-AED2-CB106B2ED4DD}.Release|Any CPU.ActiveCfg = Release|Any CPU
		{422EA0E0-742E-4FA1-AED2-CB106B2ED4DD}.Release|Any CPU.Build.0 = Release|Any CPU
		{9D1DE515-CBA2-4C3C-92F9-3B5904A88AE0}.Debug|Any CPU.ActiveCfg = Debug|Any CPU
		{9D1DE515-CBA2-4C3C-92F9-3B5904A88AE0}.Debug|Any CPU.Build.0 = Debug|Any CPU
		{9D1DE515-CBA2-4C3C-92F9-3B5904A88AE0}.Release|Any CPU.ActiveCfg = Release|Any CPU
		{9D1DE515-CBA2-4C3C-92F9-3B5904A88AE0}.Release|Any CPU.Build.0 = Release|Any CPU
		{2C983EE7-9198-4551-8245-065D7E7E3936}.Debug|Any CPU.ActiveCfg = Debug|Any CPU
		{2C983EE7-9198-4551-8245-065D7E7E3936}.Debug|Any CPU.Build.0 = Debug|Any CPU
		{2C983EE7-9198-4551-8245-065D7E7E3936}.Release|Any CPU.ActiveCfg = Release|Any CPU
		{2C983EE7-9198-4551-8245-065D7E7E3936}.Release|Any CPU.Build.0 = Release|Any CPU
		{47C3B828-5D1E-43F3-9B11-7150EB00847F}.Debug|Any CPU.ActiveCfg = Debug|Any CPU
		{47C3B828-5D1E-43F3-9B11-7150EB00847F}.Debug|Any CPU.Build.0 = Debug|Any CPU
		{47C3B828-5D1E-43F3-9B11-7150EB00847F}.Release|Any CPU.ActiveCfg = Release|Any CPU
		{47C3B828-5D1E-43F3-9B11-7150EB00847F}.Release|Any CPU.Build.0 = Release|Any CPU
		{A96ABB0C-5E03-4EAC-985D-E40BD46F1E4C}.Debug|Any CPU.ActiveCfg = Debug|Any CPU
		{A96ABB0C-5E03-4EAC-985D-E40BD46F1E4C}.Debug|Any CPU.Build.0 = Debug|Any CPU
		{A96ABB0C-5E03-4EAC-985D-E40BD46F1E4C}.Release|Any CPU.ActiveCfg = Release|Any CPU
		{A96ABB0C-5E03-4EAC-985D-E40BD46F1E4C}.Release|Any CPU.Build.0 = Release|Any CPU
	EndGlobalSection
	GlobalSection(SolutionProperties) = preSolution
		HideSolutionNode = FALSE
	EndGlobalSection
	GlobalSection(ExtensibilityGlobals) = postSolution
		SolutionGuid = {901015C5-9914-465D-B6C0-8C3FDA4B64D8}
	EndGlobalSection
EndGlobal
