
Microsoft Visual Studio Solution File, Format Version 12.00
# Visual Studio Version 17
VisualStudioVersion = 17.2.32516.85
MinimumVisualStudioVersion = 10.0.40219.1
Project("{FAE04EC0-301F-11D3-BF4B-00C04F79EFBC}") = "01. Reverse Strings", "01. Reverse Strings\01. Reverse Strings.csproj", "{FB29719C-9E92-4597-9561-5E92C3197799}"
EndProject
Project("{FAE04EC0-301F-11D3-BF4B-00C04F79EFBC}") = "02. Repeat Strings", "02. Repeat Strings\02. Repeat Strings.csproj", "{22622FE1-49AD-47B1-BA3A-A4C247908895}"
EndProject
Project("{FAE04EC0-301F-11D3-BF4B-00C04F79EFBC}") = "03. Substring", "03. Substring\03. Substring.csproj", "{C2825A20-2FAC-46BF-B425-26FAC8F6005F}"
EndProject
Project("{FAE04EC0-301F-11D3-BF4B-00C04F79EFBC}") = "04. Text Filter", "04. Text Filter\04. Text Filter.csproj", "{C69901EC-4A0F-410E-9E6C-8A95C9C2B64C}"
EndProject
Project("{FAE04EC0-301F-11D3-BF4B-00C04F79EFBC}") = "05. Digits, Letters and Other", "05. Digits, Letters and Other\05. Digits, Letters and Other.csproj", "{32D0FACD-AD03-4E7A-A179-30FE644A9B79}"
EndProject
Global
	GlobalSection(SolutionConfigurationPlatforms) = preSolution
		Debug|Any CPU = Debug|Any CPU
		Release|Any CPU = Release|Any CPU
	EndGlobalSection
	GlobalSection(ProjectConfigurationPlatforms) = postSolution
		{FB29719C-9E92-4597-9561-5E92C3197799}.Debug|Any CPU.ActiveCfg = Debug|Any CPU
		{FB29719C-9E92-4597-9561-5E92C3197799}.Debug|Any CPU.Build.0 = Debug|Any CPU
		{FB29719C-9E92-4597-9561-5E92C3197799}.Release|Any CPU.ActiveCfg = Release|Any CPU
		{FB29719C-9E92-4597-9561-5E92C3197799}.Release|Any CPU.Build.0 = Release|Any CPU
		{22622FE1-49AD-47B1-BA3A-A4C247908895}.Debug|Any CPU.ActiveCfg = Debug|Any CPU
		{22622FE1-49AD-47B1-BA3A-A4C247908895}.Debug|Any CPU.Build.0 = Debug|Any CPU
		{22622FE1-49AD-47B1-BA3A-A4C247908895}.Release|Any CPU.ActiveCfg = Release|Any CPU
		{22622FE1-49AD-47B1-BA3A-A4C247908895}.Release|Any CPU.Build.0 = Release|Any CPU
		{C2825A20-2FAC-46BF-B425-26FAC8F6005F}.Debug|Any CPU.ActiveCfg = Debug|Any CPU
		{C2825A20-2FAC-46BF-B425-26FAC8F6005F}.Debug|Any CPU.Build.0 = Debug|Any CPU
		{C2825A20-2FAC-46BF-B425-26FAC8F6005F}.Release|Any CPU.ActiveCfg = Release|Any CPU
		{C2825A20-2FAC-46BF-B425-26FAC8F6005F}.Release|Any CPU.Build.0 = Release|Any CPU
		{C69901EC-4A0F-410E-9E6C-8A95C9C2B64C}.Debug|Any CPU.ActiveCfg = Debug|Any CPU
		{C69901EC-4A0F-410E-9E6C-8A95C9C2B64C}.Debug|Any CPU.Build.0 = Debug|Any CPU
		{C69901EC-4A0F-410E-9E6C-8A95C9C2B64C}.Release|Any CPU.ActiveCfg = Release|Any CPU
		{C69901EC-4A0F-410E-9E6C-8A95C9C2B64C}.Release|Any CPU.Build.0 = Release|Any CPU
		{32D0FACD-AD03-4E7A-A179-30FE644A9B79}.Debug|Any CPU.ActiveCfg = Debug|Any CPU
		{32D0FACD-AD03-4E7A-A179-30FE644A9B79}.Debug|Any CPU.Build.0 = Debug|Any CPU
		{32D0FACD-AD03-4E7A-A179-30FE644A9B79}.Release|Any CPU.ActiveCfg = Release|Any CPU
		{32D0FACD-AD03-4E7A-A179-30FE644A9B79}.Release|Any CPU.Build.0 = Release|Any CPU
	EndGlobalSection
	GlobalSection(SolutionProperties) = preSolution
		HideSolutionNode = FALSE
	EndGlobalSection
	GlobalSection(ExtensibilityGlobals) = postSolution
		SolutionGuid = {C8C0F8CE-81BE-433F-BD76-AEAFD2FC19DA}
	EndGlobalSection
EndGlobal
