
Microsoft Visual Studio Solution File, Format Version 12.00
# Visual Studio Version 17
VisualStudioVersion = 17.2.32630.192
MinimumVisualStudioVersion = 10.0.40219.1
Project("{FAE04EC0-301F-11D3-BF4B-00C04F79EFBC}") = "Vehicles", "Vehicles\Vehicles.csproj", "{1F34EC63-3934-4034-A39E-B38044A43277}"
EndProject
Project("{FAE04EC0-301F-11D3-BF4B-00C04F79EFBC}") = "VehiclesExtension", "VehiclesExtension\VehiclesExtension.csproj", "{919D8CCA-F9A4-45EC-A15E-77E0433BE49C}"
EndProject
Global
	GlobalSection(SolutionConfigurationPlatforms) = preSolution
		Debug|Any CPU = Debug|Any CPU
		Release|Any CPU = Release|Any CPU
	EndGlobalSection
	GlobalSection(ProjectConfigurationPlatforms) = postSolution
		{1F34EC63-3934-4034-A39E-B38044A43277}.Debug|Any CPU.ActiveCfg = Debug|Any CPU
		{1F34EC63-3934-4034-A39E-B38044A43277}.Debug|Any CPU.Build.0 = Debug|Any CPU
		{1F34EC63-3934-4034-A39E-B38044A43277}.Release|Any CPU.ActiveCfg = Release|Any CPU
		{1F34EC63-3934-4034-A39E-B38044A43277}.Release|Any CPU.Build.0 = Release|Any CPU
		{919D8CCA-F9A4-45EC-A15E-77E0433BE49C}.Debug|Any CPU.ActiveCfg = Debug|Any CPU
		{919D8CCA-F9A4-45EC-A15E-77E0433BE49C}.Debug|Any CPU.Build.0 = Debug|Any CPU
		{919D8CCA-F9A4-45EC-A15E-77E0433BE49C}.Release|Any CPU.ActiveCfg = Release|Any CPU
		{919D8CCA-F9A4-45EC-A15E-77E0433BE49C}.Release|Any CPU.Build.0 = Release|Any CPU
	EndGlobalSection
	GlobalSection(SolutionProperties) = preSolution
		HideSolutionNode = FALSE
	EndGlobalSection
	GlobalSection(ExtensibilityGlobals) = postSolution
		SolutionGuid = {7CDF3984-86CA-4864-8B9C-A23BE6EDCE74}
	EndGlobalSection
EndGlobal
